
Microsoft Visual Studio Solution File, Format Version 12.00
# Visual Studio Version 17
VisualStudioVersion = 17.11.35312.102
MinimumVisualStudioVersion = 10.0.40219.1
Project("{FAE04EC0-301F-11D3-BF4B-00C04F79EFBC}") = "gru-pawan(classi)", "gru-pawan(classi).csproj", "{5F12AC46-1CD2-40FC-BBB8-1FA34A0A8E2B}"
EndProject
Global
	GlobalSection(SolutionConfigurationPlatforms) = preSolution
		Debug|Any CPU = Debug|Any CPU
		Release|Any CPU = Release|Any CPU
	EndGlobalSection
	GlobalSection(ProjectConfigurationPlatforms) = postSolution
		{5F12AC46-1CD2-40FC-BBB8-1FA34A0A8E2B}.Debug|Any CPU.ActiveCfg = Debug|Any CPU
		{5F12AC46-1CD2-40FC-BBB8-1FA34A0A8E2B}.Debug|Any CPU.Build.0 = Debug|Any CPU
		{5F12AC46-1CD2-40FC-BBB8-1FA34A0A8E2B}.Release|Any CPU.ActiveCfg = Release|Any CPU
		{5F12AC46-1CD2-40FC-BBB8-1FA34A0A8E2B}.Release|Any CPU.Build.0 = Release|Any CPU
	EndGlobalSection
	GlobalSection(SolutionProperties) = preSolution
		HideSolutionNode = FALSE
	EndGlobalSection
	GlobalSection(ExtensibilityGlobals) = postSolution
		SolutionGuid = {FBE190C9-5092-40DA-8624-14CA86156243}
	EndGlobalSection
EndGlobal
